
Microsoft Visual Studio Solution File, Format Version 12.00
# Visual Studio Version 17
VisualStudioVersion = 17.3.32825.248
MinimumVisualStudioVersion = 10.0.40219.1
Project("{FAE04EC0-301F-11D3-BF4B-00C04F79EFBC}") = "MyWeb", "MyWeb\MyWeb.csproj", "{B24D1595-505D-45F2-8527-5E1A7401983C}"
EndProject
Global
	GlobalSection(SolutionConfigurationPlatforms) = preSolution
		Debug|Any CPU = Debug|Any CPU
		Release|Any CPU = Release|Any CPU
	EndGlobalSection
	GlobalSection(ProjectConfigurationPlatforms) = postSolution
		{B24D1595-505D-45F2-8527-5E1A7401983C}.Debug|Any CPU.ActiveCfg = Debug|Any CPU
		{B24D1595-505D-45F2-8527-5E1A7401983C}.Debug|Any CPU.Build.0 = Debug|Any CPU
		{B24D1595-505D-45F2-8527-5E1A7401983C}.Release|Any CPU.ActiveCfg = Release|Any CPU
		{B24D1595-505D-45F2-8527-5E1A7401983C}.Release|Any CPU.Build.0 = Release|Any CPU
	EndGlobalSection
	GlobalSection(SolutionProperties) = preSolution
		HideSolutionNode = FALSE
	EndGlobalSection
	GlobalSection(ExtensibilityGlobals) = postSolution
		SolutionGuid = {C12EEE47-B0E3-452F-960C-758F5255AF9B}
	EndGlobalSection
EndGlobal
